
Microsoft Visual Studio Solution File, Format Version 12.00
# Visual Studio Version 16
VisualStudioVersion = 16.0.31729.503
MinimumVisualStudioVersion = 10.0.40219.1
Project("{FAE04EC0-301F-11D3-BF4B-00C04F79EFBC}") = "Herafi.UWP", "Herafi.UWP\Herafi.UWP.csproj", "{9EA26900-A65A-4285-8A52-D82B5B1ECCC1}"
EndProject
Project("{FAE04EC0-301F-11D3-BF4B-00C04F79EFBC}") = "Herafi.Core", "Herafi.Core\Herafi.Core.csproj", "{A70FA77C-375F-4FEA-A066-309D65BC3A64}"
EndProject
Project("{FAE04EC0-301F-11D3-BF4B-00C04F79EFBC}") = "Herafi.Background", "Herafi.Background\Herafi.Background.csproj", "{8D16DB24-A885-4EBE-89C2-6DDCBBA389A5}"
EndProject
Global
	GlobalSection(SolutionConfigurationPlatforms) = preSolution
		Debug|Any CPU = Debug|Any CPU
		Debug|ARM = Debug|ARM
		Debug|ARM64 = Debug|ARM64
		Debug|x64 = Debug|x64
		Debug|x86 = Debug|x86
		Release|Any CPU = Release|Any CPU
		Release|ARM = Release|ARM
		Release|ARM64 = Release|ARM64
		Release|x64 = Release|x64
		Release|x86 = Release|x86
	EndGlobalSection
	GlobalSection(ProjectConfigurationPlatforms) = postSolution
		{9EA26900-A65A-4285-8A52-D82B5B1ECCC1}.Debug|Any CPU.ActiveCfg = Debug|x86
		{9EA26900-A65A-4285-8A52-D82B5B1ECCC1}.Debug|ARM.ActiveCfg = Debug|ARM
		{9EA26900-A65A-4285-8A52-D82B5B1ECCC1}.Debug|ARM.Build.0 = Debug|ARM
		{9EA26900-A65A-4285-8A52-D82B5B1ECCC1}.Debug|ARM.Deploy.0 = Debug|ARM
		{9EA26900-A65A-4285-8A52-D82B5B1ECCC1}.Debug|ARM64.ActiveCfg = Debug|ARM64
		{9EA26900-A65A-4285-8A52-D82B5B1ECCC1}.Debug|ARM64.Build.0 = Debug|ARM64
		{9EA26900-A65A-4285-8A52-D82B5B1ECCC1}.Debug|ARM64.Deploy.0 = Debug|ARM64
		{9EA26900-A65A-4285-8A52-D82B5B1ECCC1}.Debug|x64.ActiveCfg = Debug|x64
		{9EA26900-A65A-4285-8A52-D82B5B1ECCC1}.Debug|x64.Build.0 = Debug|x64
		{9EA26900-A65A-4285-8A52-D82B5B1ECCC1}.Debug|x64.Deploy.0 = Debug|x64
		{9EA26900-A65A-4285-8A52-D82B5B1ECCC1}.Debug|x86.ActiveCfg = Debug|x86
		{9EA26900-A65A-4285-8A52-D82B5B1ECCC1}.Debug|x86.Build.0 = Debug|x86
		{9EA26900-A65A-4285-8A52-D82B5B1ECCC1}.Debug|x86.Deploy.0 = Debug|x86
		{9EA26900-A65A-4285-8A52-D82B5B1ECCC1}.Release|Any CPU.ActiveCfg = Release|x86
		{9EA26900-A65A-4285-8A52-D82B5B1ECCC1}.Release|ARM.ActiveCfg = Release|ARM
		{9EA26900-A65A-4285-8A52-D82B5B1ECCC1}.Release|ARM.Build.0 = Release|ARM
		{9EA26900-A65A-4285-8A52-D82B5B1ECCC1}.Release|ARM.Deploy.0 = Release|ARM
		{9EA26900-A65A-4285-8A52-D82B5B1ECCC1}.Release|ARM64.ActiveCfg = Release|ARM64
		{9EA26900-A65A-4285-8A52-D82B5B1ECCC1}.Release|ARM64.Build.0 = Release|ARM64
		{9EA26900-A65A-4285-8A52-D82B5B1ECCC1}.Release|ARM64.Deploy.0 = Release|ARM64
		{9EA26900-A65A-4285-8A52-D82B5B1ECCC1}.Release|x64.ActiveCfg = Release|x64
		{9EA26900-A65A-4285-8A52-D82B5B1ECCC1}.Release|x64.Build.0 = Release|x64
		{9EA26900-A65A-4285-8A52-D82B5B1ECCC1}.Release|x64.Deploy.0 = Release|x64
		{9EA26900-A65A-4285-8A52-D82B5B1ECCC1}.Release|x86.ActiveCfg = Release|x86
		{9EA26900-A65A-4285-8A52-D82B5B1ECCC1}.Release|x86.Build.0 = Release|x86
		{9EA26900-A65A-4285-8A52-D82B5B1ECCC1}.Release|x86.Deploy.0 = Release|x86
		{A70FA77C-375F-4FEA-A066-309D65BC3A64}.Debug|Any CPU.ActiveCfg = Debug|Any CPU
		{A70FA77C-375F-4FEA-A066-309D65BC3A64}.Debug|Any CPU.Build.0 = Debug|Any CPU
		{A70FA77C-375F-4FEA-A066-309D65BC3A64}.Debug|ARM.ActiveCfg = Debug|ARM
		{A70FA77C-375F-4FEA-A066-309D65BC3A64}.Debug|ARM.Build.0 = Debug|ARM
		{A70FA77C-375F-4FEA-A066-309D65BC3A64}.Debug|ARM64.ActiveCfg = Debug|ARM64
		{A70FA77C-375F-4FEA-A066-309D65BC3A64}.Debug|ARM64.Build.0 = Debug|ARM64
		{A70FA77C-375F-4FEA-A066-309D65BC3A64}.Debug|x64.ActiveCfg = Debug|x64
		{A70FA77C-375F-4FEA-A066-309D65BC3A64}.Debug|x64.Build.0 = Debug|x64
		{A70FA77C-375F-4FEA-A066-309D65BC3A64}.Debug|x86.ActiveCfg = Debug|x86
		{A70FA77C-375F-4FEA-A066-309D65BC3A64}.Debug|x86.Build.0 = Debug|x86
		{A70FA77C-375F-4FEA-A066-309D65BC3A64}.Release|Any CPU.ActiveCfg = Release|Any CPU
		{A70FA77C-375F-4FEA-A066-309D65BC3A64}.Release|Any CPU.Build.0 = Release|Any CPU
		{A70FA77C-375F-4FEA-A066-309D65BC3A64}.Release|ARM.ActiveCfg = Release|ARM
		{A70FA77C-375F-4FEA-A066-309D65BC3A64}.Release|ARM.Build.0 = Release|ARM
		{A70FA77C-375F-4FEA-A066-309D65BC3A64}.Release|ARM64.ActiveCfg = Release|ARM64
		{A70FA77C-375F-4FEA-A066-309D65BC3A64}.Release|ARM64.Build.0 = Release|ARM64
		{A70FA77C-375F-4FEA-A066-309D65BC3A64}.Release|x64.ActiveCfg = Release|x64
		{A70FA77C-375F-4FEA-A066-309D65BC3A64}.Release|x64.Build.0 = Release|x64
		{A70FA77C-375F-4FEA-A066-309D65BC3A64}.Release|x86.ActiveCfg = Release|x86
		{A70FA77C-375F-4FEA-A066-309D65BC3A64}.Release|x86.Build.0 = Release|x86
		{8D16DB24-A885-4EBE-89C2-6DDCBBA389A5}.Debug|Any CPU.ActiveCfg = Debug|Any CPU
		{8D16DB24-A885-4EBE-89C2-6DDCBBA389A5}.Debug|Any CPU.Build.0 = Debug|Any CPU
		{8D16DB24-A885-4EBE-89C2-6DDCBBA389A5}.Debug|ARM.ActiveCfg = Debug|ARM
		{8D16DB24-A885-4EBE-89C2-6DDCBBA389A5}.Debug|ARM.Build.0 = Debug|ARM
		{8D16DB24-A885-4EBE-89C2-6DDCBBA389A5}.Debug|ARM64.ActiveCfg = Debug|ARM64
		{8D16DB24-A885-4EBE-89C2-6DDCBBA389A5}.Debug|ARM64.Build.0 = Debug|ARM64
		{8D16DB24-A885-4EBE-89C2-6DDCBBA389A5}.Debug|x64.ActiveCfg = Debug|x64
		{8D16DB24-A885-4EBE-89C2-6DDCBBA389A5}.Debug|x64.Build.0 = Debug|x64
		{8D16DB24-A885-4EBE-89C2-6DDCBBA389A5}.Debug|x86.ActiveCfg = Debug|x86
		{8D16DB24-A885-4EBE-89C2-6DDCBBA389A5}.Debug|x86.Build.0 = Debug|x86
		{8D16DB24-A885-4EBE-89C2-6DDCBBA389A5}.Release|Any CPU.ActiveCfg = Release|Any CPU
		{8D16DB24-A885-4EBE-89C2-6DDCBBA389A5}.Release|Any CPU.Build.0 = Release|Any CPU
		{8D16DB24-A885-4EBE-89C2-6DDCBBA389A5}.Release|ARM.ActiveCfg = Release|ARM
		{8D16DB24-A885-4EBE-89C2-6DDCBBA389A5}.Release|ARM.Build.0 = Release|ARM
		{8D16DB24-A885-4EBE-89C2-6DDCBBA389A5}.Release|ARM64.ActiveCfg = Release|ARM64
		{8D16DB24-A885-4EBE-89C2-6DDCBBA389A5}.Release|ARM64.Build.0 = Release|ARM64
		{8D16DB24-A885-4EBE-89C2-6DDCBBA389A5}.Release|x64.ActiveCfg = Release|x64
		{8D16DB24-A885-4EBE-89C2-6DDCBBA389A5}.Release|x64.Build.0 = Release|x64
		{8D16DB24-A885-4EBE-89C2-6DDCBBA389A5}.Release|x86.ActiveCfg = Release|x86
		{8D16DB24-A885-4EBE-89C2-6DDCBBA389A5}.Release|x86.Build.0 = Release|x86
	EndGlobalSection
	GlobalSection(SolutionProperties) = preSolution
		HideSolutionNode = FALSE
	EndGlobalSection
	GlobalSection(ExtensibilityGlobals) = postSolution
		SolutionGuid = {F6455614-4F9E-4E81-86EB-AE7EBE1EFFE4}
	EndGlobalSection
EndGlobal
